<?xml version="1.0" encoding="utf-8"?>
<Project ToolsVersion="4.0" xmlns="http://schemas.microsoft.com/developer/msbuild/2003">
  <ItemGroup>
    <Filter Include="Source Files">
      <UniqueIdentifier>{4FC737F1-C7A5-4376-A066-2A32D752A2FF}</UniqueIdentifier>
      <Extensions>cpp;c;cc;cxx;c++;cppm;ixx;def;odl;idl;hpj;bat;asm;asmx</Extensions>
    </Filter>
    <Filter Include="Header Files">
      <UniqueIdentifier>{93995380-89BD-4b04-88EB-625FBE52EBFB}</UniqueIdentifier>
      <Extensions>h;hh;hpp;hxx;h++;hm;inl;inc;ipp;xsd</Extensions>
    </Filter>
    <Filter Include="Resource Files">
      <UniqueIdentifier>{67DA6AB6-F800-4c08-8B7A-83BB121AAD01}</UniqueIdentifier>
      <Extensions>rc;ico;cur;bmp;dlg;rc2;rct;bin;rgs;gif;jpg;jpeg;jpe;resx;tiff;tif;png;wav;mfcribbon-ms</Extensions>
    </Filter>
    <Filter Include="UserControls">
      <UniqueIdentifier>{5e03d2f3-e151-4e09-83c1-80139935ce03}</UniqueIdentifier>
    </Filter>
  </ItemGroup>
  <ItemGroup>
    <ClInclude Include="targetver.h">
      <Filter>Header Files</Filter>
    </ClInclude>
    <ClInclude Include="Resource.h">
      <Filter>Header Files</Filter>
    </ClInclude>
    <ClInclude Include="ClipboardManager.h">
      <Filter>Header Files</Filter>
    </ClInclude>
    <ClInclude Include="pch.h">
      <Filter>Header Files</Filter>
    </ClInclude>
    <ClInclude Include="lib\utils\helpers.hpp">
      <Filter>Header Files</Filter>
    </ClInclude>
    <ClInclude Include="lib\Settings.hpp">
      <Filter>Header Files</Filter>
    </ClInclude>
    <ClInclude Include="lib\FileWatcher.hpp">
      <Filter>Header Files</Filter>
    </ClInclude>
    <ClInclude Include="lib\ClipboardTrigger.hpp">
      <Filter>Header Files</Filter>
    </ClInclude>
    <ClInclude Include="lib\utils\Console.hpp">
      <Filter>Header Files</Filter>
    </ClInclude>
    <ClInclude Include="lib\ui\VisualStateManager.hpp">
      <Filter>Header Files</Filter>
    </ClInclude>
    <ClInclude Include="lib\HotKey.hpp">
      <Filter>Header Files</Filter>
    </ClInclude>
    <ClInclude Include="lib\utils\StartupTask.hpp">
      <Filter>Header Files</Filter>
    </ClInclude>
    <ClInclude Include="lib\utils\Logger.hpp">
      <Filter>Header Files</Filter>
    </ClInclude>
    <ClInclude Include="lib\notifs\win_toasts.hpp">
      <Filter>Header Files</Filter>
    </ClInclude>
    <ClInclude Include="lib\notifs\ToastNotification.hpp">
      <Filter>Header Files</Filter>
    </ClInclude>
    <ClInclude Include="lib\notifs\ToastNotificationHandler.hpp">
      <Filter>Header Files</Filter>
    </ClInclude>
    <ClInclude Include="lib\notifs\NotificationTypes.hpp">
      <Filter>Header Files</Filter>
    </ClInclude>
    <ClInclude Include="lib\Process.hpp">
      <Filter>Header Files</Filter>
    </ClInclude>
    <ClInclude Include="lib\utils\Launcher.hpp">
      <Filter>Header Files</Filter>
    </ClInclude>
    <ClInclude Include="lib\ui\ListenablePropertyValue.hpp">
      <Filter>Header Files</Filter>
    </ClInclude>
    <ClInclude Include="lib\implementation\Settings_implementation.hpp" />
    <ClInclude Include="lib\utils\ResLoader.hpp">
      <Filter>Header Files</Filter>
    </ClInclude>
    <ClInclude Include="lib\res\strings.h">
      <Filter>Header Files</Filter>
    </ClInclude>
    <ClInclude Include="lib\implementation\VisualStateManager_implementation.hpp">
      <Filter>Header Files</Filter>
    </ClInclude>
    <ClInclude Include="lib\utils\AppVersion.hpp">
      <Filter>Header Files</Filter>
    </ClInclude>
    <ClInclude Include="lib\FormatExceptionCode.hpp">
      <Filter>Header Files</Filter>
    </ClInclude>
    <ClInclude Include="lib\utils\unique_closable.hpp">
      <Filter>Header Files</Filter>
    </ClInclude>
    <ClInclude Include="lib\murmur\MurmurHash3.hpp">
      <Filter>Header Files</Filter>
    </ClInclude>
    <ClInclude Include="lib\implementation\murmurhash3_implementation.hpp">
      <Filter>Header Files</Filter>
    </ClInclude>
    <ClInclude Include="lib\ClipboardAction.hpp">
      <Filter>Header Files</Filter>
    </ClInclude>
  </ItemGroup>
  <ItemGroup>
    <ClCompile Include="ClipboardManager.cpp">
      <Filter>Source Files</Filter>
    </ClCompile>
    <ClCompile Include="pch.cpp">
      <Filter>Source Files</Filter>
    </ClCompile>
    <ClCompile Include="$(GeneratedFilesDir)module.g.cpp">
      <Filter>Source Files</Filter>
    </ClCompile>
    <ClCompile Include="lib\utils\helpers.cpp">
      <Filter>Source Files</Filter>
    </ClCompile>
    <ClCompile Include="lib\FileWatcher.cpp">
      <Filter>Source Files</Filter>
    </ClCompile>
    <ClCompile Include="lib\ClipboardTrigger.cpp">
      <Filter>Source Files</Filter>
    </ClCompile>
    <ClCompile Include="lib\utils\Console.cpp">
      <Filter>Source Files</Filter>
    </ClCompile>
    <ClCompile Include="lib\HotKey.cpp">
      <Filter>Source Files</Filter>
    </ClCompile>
    <ClCompile Include="lib\utils\StartupTask.cpp">
      <Filter>Source Files</Filter>
    </ClCompile>
    <ClCompile Include="lib\utils\Logger.cpp">
      <Filter>Source Files</Filter>
    </ClCompile>
    <ClCompile Include="lib\notifs\win_toasts.cpp">
      <Filter>Source Files</Filter>
    </ClCompile>
    <ClCompile Include="lib\notifs\ToastNotification.cpp">
      <Filter>Source Files</Filter>
    </ClCompile>
    <ClCompile Include="lib\notifs\ToastNotificationHandler.cpp">
      <Filter>Source Files</Filter>
    </ClCompile>
    <ClCompile Include="lib\Process.cpp">
      <Filter>Source Files</Filter>
    </ClCompile>
    <ClCompile Include="lib\utils\Launcher.cpp">
      <Filter>Source Files</Filter>
    </ClCompile>
    <ClCompile Include="lib\utils\ResLoader.cpp">
      <Filter>Source Files</Filter>
    </ClCompile>
    <ClCompile Include="lib\utils\AppVersion.cpp">
      <Filter>Source Files</Filter>
    </ClCompile>
    <ClCompile Include="lib\FormatExceptionCode.cpp">
      <Filter>Source Files</Filter>
    </ClCompile>
    <ClCompile Include="lib\ClipboardAction.cpp">
      <Filter>Source Files</Filter>
    </ClCompile>
  </ItemGroup>
  <ItemGroup>
    <ResourceCompile Include="ClipboardManager.rc">
      <Filter>Resource Files</Filter>
    </ResourceCompile>
  </ItemGroup>
  <ItemGroup>
    <Image Include="small.ico">
      <Filter>Resource Files</Filter>
    </Image>
    <Image Include="ClipboardManager.ico">
      <Filter>Resource Files</Filter>
    </Image>
  </ItemGroup>
  <ItemGroup>
    <None Include="packages.config" />
    <None Include="CHANGELOG.md" />
  </ItemGroup>
  <ItemGroup>
    <Page Include="MainPage.xaml" />
    <Page Include="SettingsPage.xaml" />
    <Page Include="ClipboardActionEditor.xaml">
      <Filter>UserControls</Filter>
    </Page>
    <Page Include="ClipboardActionView.xaml">
      <Filter>UserControls</Filter>
    </Page>
    <Page Include="ClipboardTriggerEditControl.xaml">
      <Filter>UserControls</Filter>
    </Page>
    <Page Include="HostControl.xaml">
      <Filter>UserControls</Filter>
    </Page>
    <Page Include="RegexTesterControl.xaml" />
    <Page Include="MessagesBar.xaml" />
    <Page Include="SearchSuggestionView.xaml" />
  </ItemGroup>
  <ItemGroup>
    <Natvis Include="$(MSBuildThisFileDirectory)..\..\natvis\wil.natvis" />
  </ItemGroup>
  <ItemGroup>
    <ApplicationDefinition Include="App.xaml" />
  </ItemGroup>
  <ItemGroup>
    <Xml Include="..\..\..\..\..\Documents\Clipboard Manager\user_file.xml" />
    <Xml Include="user_file_copy.xml" />
  </ItemGroup>
  <ItemGroup>
    <PRIResource Include="Resources.lang-fr-fr.resw">
      <Filter>Resource Files</Filter>
    </PRIResource>
    <PRIResource Include="Resources.lang-en-us.resw" />
    <PRIResource Include="Resources.resw" />
  </ItemGroup>
</Project>